// !$*UTF8*$!
{
	archiveVersion = 1;
	classes = {
	};
	objectVersion = 46;
	objects = {

/* Begin PBXBuildFile section */
		84064B411CFE7FE900B47A73 /* AppDelegate.swift in Sources */ = {isa = PBXBuildFile; fileRef = 84064B401CFE7FE900B47A73 /* AppDelegate.swift */; };
		84064B431CFE7FE900B47A73 /* ViewController.swift in Sources */ = {isa = PBXBuildFile; fileRef = 84064B421CFE7FE900B47A73 /* ViewController.swift */; };
		84064B461CFE7FE900B47A73 /* Main.storyboard in Resources */ = {isa = PBXBuildFile; fileRef = 84064B441CFE7FE900B47A73 /* Main.storyboard */; };
		84064B481CFE7FE900B47A73 /* Assets.xcassets in Resources */ = {isa = PBXBuildFile; fileRef = 84064B471CFE7FE900B47A73 /* Assets.xcassets */; };
		84064B4B1CFE7FE900B47A73 /* LaunchScreen.storyboard in Resources */ = {isa = PBXBuildFile; fileRef = 84064B491CFE7FE900B47A73 /* LaunchScreen.storyboard */; };
/* End PBXBuildFile section */

/* Begin PBXFileReference section */
		84064B3D1CFE7FE900B47A73 /* chimSonca.app */ = {isa = PBXFileReference; explicitFileType = wrapper.application; includeInIndex = 0; path = chimSonca.app; sourceTree = BUILT_PRODUCTS_DIR; };
		84064B401CFE7FE900B47A73 /* AppDelegate.swift */ = {isa = PBXFileReference; lastKnownFileType = sourcecode.swift; path = AppDelegate.swift; sourceTree = "<group>"; };
		84064B421CFE7FE900B47A73 /* ViewController.swift */ = {isa = PBXFileReference; lastKnownFileType = sourcecode.swift; path = ViewController.swift; sourceTree = "<group>"; };
		84064B451CFE7FE900B47A73 /* Base */ = {isa = PBXFileReference; lastKnownFileType = file.storyboard; name = Base; path = Base.lproj/Main.storyboard; sourceTree = "<group>"; };
		84064B471CFE7FE900B47A73 /* Assets.xcassets */ = {isa = PBXFileReference; lastKnownFileType = folder.assetcatalog; path = Assets.xcassets; sourceTree = "<group>"; };
		84064B4A1CFE7FE900B47A73 /* Base */ = {isa = PBXFileReference; lastKnownFileType = file.storyboard; name = Base; path = Base.lproj/LaunchScreen.storyboard; sourceTree = "<group>"; };
		84064B4C1CFE7FE900B47A73 /* Info.plist */ = {isa = PBXFileReference; lastKnownFileType = text.plist.xml; path = Info.plist; sourceTree = "<group>"; };
/* End PBXFileReference section */

/* Begin PBXFrameworksBuildPhase section */
		84064B3A1CFE7FE800B47A73 /* Frameworks */ = {
			isa = PBXFrameworksBuildPhase;
			buildActionMask = 2147483647;
			files = (
			);
			runOnlyForDeploymentPostprocessing = 0;
		};
/* End PBXFrameworksBuildPhase section */

/* Begin PBXGroup section */
		84064B341CFE7FE800B47A73 = {
			isa = PBXGroup;
			children = (
				84064B3F1CFE7FE900B47A73 /* chimSonca */,
				84064B3E1CFE7FE900B47A73 /* Products */,
			);
			sourceTree = "<group>";
		};
		84064B3E1CFE7FE900B47A73 /* Products */ = {
			isa = PBXGroup;
			children = (
				84064B3D1CFE7FE900B47A73 /* chimSonca.app */,
			);
			name = Products;
			sourceTree = "<group>";
		};
		84064B3F1CFE7FE900B47A73 /* chimSonca */ = {
			isa = PBXGroup;
			children = (
				84064B401CFE7FE900B47A73 /* AppDelegate.swift */,
				84064B421CFE7FE900B47A73 /* ViewController.swift */,
				84064B441CFE7FE900B47A73 /* Main.storyboard */,
				84064B471CFE7FE900B47A73 /* Assets.xcassets */,
				84064B491CFE7FE900B47A73 /* LaunchScreen.storyboard */,
				84064B4C1CFE7FE900B47A73 /* Info.plist */,
			);
			path = chimSonca;
			sourceTree = "<group>";
		};
/* End PBXGroup section */

/* Begin PBXNativeTarget section */
		84064B3C1CFE7FE800B47A73 /* chimSonca */ = {
			isa = PBXNativeTarget;
			buildConfigurationList = 84064B4F1CFE7FE900B47A73 /* Build configuration list for PBXNativeTarget "chimSonca" */;
			buildPhases = (
				84064B391CFE7FE800B47A73 /* Sources */,
				84064B3A1CFE7FE800B47A73 /* Frameworks */,
				84064B3B1CFE7FE800B47A73 /* Resources */,
			);
			buildRules = (
			);
			dependencies = (
			);
			name = chimSonca;
			productName = chimSonca;
			productReference = 84064B3D1CFE7FE900B47A73 /* chimSonca.app */;
			productType = "com.apple.product-type.application";
		};
/* End PBXNativeTarget section */

/* Begin PBXProject section */
		84064B351CFE7FE800B47A73 /* Project object */ = {
			isa = PBXProject;
			attributes = {
				LastSwiftUpdateCheck = 0730;
				LastUpgradeCheck = 0730;
				ORGANIZATIONNAME = MrNgoc;
				TargetAttributes = {
					84064B3C1CFE7FE800B47A73 = {
						CreatedOnToolsVersion = 7.3.1;
					};
				};
			};
			buildConfigurationList = 84064B381CFE7FE800B47A73 /* Build configuration list for PBXProject "chimSonca" */;
			compatibilityVersion = "Xcode 3.2";
			developmentRegion = English;
			hasScannedForEncodings = 0;
			knownRegions = (
				en,
				Base,
			);
			mainGroup = 84064B341CFE7FE800B47A73;
			productRefGroup = 84064B3E1CFE7FE900B47A73 /* Products */;
			projectDirPath = "";
			projectRoot = "";
			targets = (
				84064B3C1CFE7FE800B47A73 /* chimSonca */,
			);
		};
/* End PBXProject section */

/* Begin PBXResourcesBuildPhase section */
		84064B3B1CFE7FE800B47A73 /* Resources */ = {
			isa = PBXResourcesBuildPhase;
			buildActionMask = 2147483647;
			files = (
				84064B4B1CFE7FE900B47A73 /* LaunchScreen.storyboard in Resources */,
				84064B481CFE7FE900B47A73 /* Assets.xcassets in Resources */,
				84064B461CFE7FE900B47A73 /* Main.storyboard in Resources */,
			);
			runOnlyForDeploymentPostprocessing = 0;
		};
/* End PBXResourcesBuildPhase section */

/* Begin PBXSourcesBuildPhase section */
		84064B391CFE7FE800B47A73 /* Sources */ = {
			isa = PBXSourcesBuildPhase;
			buildActionMask = 2147483647;
			files = (
				84064B431CFE7FE900B47A73 /* ViewController.swift in Sources */,
				84064B411CFE7FE900B47A73 /* AppDelegate.swift in Sources */,
			);
			runOnlyForDeploymentPostprocessing = 0;
		};
/* End PBXSourcesBuildPhase section */

/* Begin PBXVariantGroup section */
		84064B441CFE7FE900B47A73 /* Main.storyboard */ = {
			isa = PBXVariantGroup;
			children = (
				84064B451CFE7FE900B47A73 /* Base */,
			);
			name = Main.storyboard;
			sourceTree = "<group>";
		};
		84064B491CFE7FE900B47A73 /* LaunchScreen.storyboard */ = {
			isa = PBXVariantGroup;
			children = (
				84064B4A1CFE7FE900B47A73 /* Base */,
			);
			name = LaunchScreen.storyboard;
			sourceTree = "<group>";
		};
/* End PBXVariantGroup section */

/* Begin XCBuildConfiguration section */
		84064B4D1CFE7FE900B47A73 /* Debug */ = {
			isa = XCBuildConfiguration;
			buildSettings = {
				ALWAYS_SEARCH_USER_PATHS = NO;
				CLANG_ANALYZER_NONNULL = YES;
				CLANG_CXX_LANGUAGE_STANDARD = "gnu++0x";
				CLANG_CXX_LIBRARY = "libc++";
				CLANG_ENABLE_MODULES = YES;
				CLANG_ENABLE_OBJC_ARC = YES;
				CLANG_WARN_BOOL_CONVERSION = YES;
				CLANG_WARN_CONSTANT_CONVERSION = YES;
				CLANG_WARN_DIRECT_OBJC_ISA_USAGE = YES_ERROR;
				CLANG_WARN_EMPTY_BODY = YES;
				CLANG_WARN_ENUM_CONVERSION = YES;
				CLANG_WARN_INT_CONVERSION = YES;
				CLANG_WARN_OBJC_ROOT_CLASS = YES_ERROR;
				CLANG_WARN_UNREACHABLE_CODE = YES;
				CLANG_WARN__DUPLICATE_METHOD_MATCH = YES;
				"CODE_SIGN_IDENTITY[sdk=iphoneos*]" = "iPhone Developer";
				COPY_PHASE_STRIP = NO;
				DEBUG_INFORMATION_FORMAT = dwarf;
				ENABLE_STRICT_OBJC_MSGSEND = YES;
				ENABLE_TESTABILITY = YES;
				GCC_C_LANGUAGE_STANDARD = gnu99;
				GCC_DYNAMIC_NO_PIC = NO;
				GCC_NO_COMMON_BLOCKS = YES;
				GCC_OPTIMIZATION_LEVEL = 0;
				GCC_PREPROCESSOR_DEFINITIONS = (
					"DEBUG=1",
					"$(inherited)",
				);
				GCC_WARN_64_TO_32_BIT_CONVERSION = YES;
				GCC_WARN_ABOUT_RETURN_TYPE = YES_ERROR;
				GCC_WARN_UNDECLARED_SELECTOR = YES;
				GCC_WARN_UNINITIALIZED_AUTOS = YES_AGGRESSIVE;
				GCC_WARN_UNUSED_FUNCTION = YES;
				GCC_WARN_UNUSED_VARIABLE = YES;
				IPHONEOS_DEPLOYMENT_TARGET = 9.3;
				MTL_ENABLE_DEBUG_INFO = YES;
				ONLY_ACTIVE_ARCH = YES;
				SDKROOT = iphoneos;
				SWIFT_OPTIMIZATION_LEVEL = "-Onone";
				TARGETED_DEVICE_FAMILY = "1,2";
			};
			name = Debug;
		};
		84064B4E1CFE7FE900B47A73 /* Release */ = {
			isa = XCBuildConfiguration;
			buildSettings = {
				ALWAYS_SEARCH_USER_PATHS = NO;
				CLANG_ANALYZER_NONNULL = YES;
				CLANG_CXX_LANGUAGE_STANDARD = "gnu++0x";
				CLANG_CXX_LIBRARY = "libc++";
				CLANG_ENABLE_MODULES = YES;
				CLANG_ENABLE_OBJC_ARC = YES;
				CLANG_WARN_BOOL_CONVERSION = YES;
				CLANG_WARN_CONSTANT_CONVERSION = YES;
				CLANG_WARN_DIRECT_OBJC_ISA_USAGE = YES_ERROR;
				CLANG_WARN_EMPTY_BODY = YES;
				CLANG_WARN_ENUM_CONVERSION = YES;
				CLANG_WARN_INT_CONVERSION = YES;
				CLANG_WARN_OBJC_ROOT_CLASS = YES_ERROR;
				CLANG_WARN_UNREACHABLE_CODE = YES;
				CLANG_WARN__DUPLICATE_METHOD_MATCH = YES;
				"CODE_SIGN_IDENTITY[sdk=iphoneos*]" = "iPhone Developer";
				COPY_PHASE_STRIP = NO;
				DEBUG_INFORMATION_FORMAT = "dwarf-with-dsym";
				ENABLE_NS_ASSERTIONS = NO;
				ENABLE_STRICT_OBJC_MSGSEND = YES;
				GCC_C_LANGUAGE_STANDARD = gnu99;
				GCC_NO_COMMON_BLOCKS = YES;
				GCC_WARN_64_TO_32_BIT_CONVERSION = YES;
				GCC_WARN_ABOUT_RETURN_TYPE = YES_ERROR;
				GCC_WARN_UNDECLARED_SELECTOR = YES;
				GCC_WARN_UNINITIALIZED_AUTOS = YES_AGGRESSIVE;
				GCC_WARN_UNUSED_FUNCTION = YES;
				GCC_WARN_UNUSED_VARIABLE = YES;
				IPHONEOS_DEPLOYMENT_TARGET = 9.3;
				MTL_ENABLE_DEBUG_INFO = NO;
				SDKROOT = iphoneos;
				TARGETED_DEVICE_FAMILY = "1,2";
				VALIDATE_PRODUCT = YES;
			};
			name = Release;
		};
		84064B501CFE7FE900B47A73 /* Debug */ = {
			isa = XCBuildConfiguration;
			buildSettings = {
				ASSETCATALOG_COMPILER_APPICON_NAME = AppIcon;
				INFOPLIST_FILE = chimSonca/Info.plist;
				LD_RUNPATH_SEARCH_PATHS = "$(inherited) @executable_path/Frameworks";
				PRODUCT_BUNDLE_IDENTIFIER = vn.teachmaster.chimSonca;
				PRODUCT_NAME = "$(TARGET_NAME)";
			};
			name = Debug;
		};
		84064B511CFE7FE900B47A73 /* Release */ = {
			isa = XCBuildConfiguration;
			buildSettings = {
				ASSETCATALOG_COMPILER_APPICON_NAME = AppIcon;
				INFOPLIST_FILE = chimSonca/Info.plist;
				LD_RUNPATH_SEARCH_PATHS = "$(inherited) @executable_path/Frameworks";
				PRODUCT_BUNDLE_IDENTIFIER = vn.teachmaster.chimSonca;
				PRODUCT_NAME = "$(TARGET_NAME)";
			};
			name = Release;
		};
/* End XCBuildConfiguration section */

/* Begin XCConfigurationList section */
		84064B381CFE7FE800B47A73 /* Build configuration list for PBXProject "chimSonca" */ = {
			isa = XCConfigurationList;
			buildConfigurations = (
				84064B4D1CFE7FE900B47A73 /* Debug */,
				84064B4E1CFE7FE900B47A73 /* Release */,
			);
			defaultConfigurationIsVisible = 0;
			defaultConfigurationName = Release;
		};
		84064B4F1CFE7FE900B47A73 /* Build configuration list for PBXNativeTarget "chimSonca" */ = {
			isa = XCConfigurationList;
			buildConfigurations = (
				84064B501CFE7FE900B47A73 /* Debug */,
				84064B511CFE7FE900B47A73 /* Release */,
			);
			defaultConfigurationIsVisible = 0;
		};
/* End XCConfigurationList section */
	};
	rootObject = 84064B351CFE7FE800B47A73 /* Project object */;
}
